{
    "_meta": {
        "hash": {
            "sha256": "ada201e8f90231e53431aeb853b48b2f4164f7ebd5dd3efdc4046b9356e8c6e9"
        },
        "pipfile-spec": 6,
        "requires": {
            "python_version": "3.10"
        },
        "sources": [
            {
                "name": "pypi",
                "url": "https://pypi.org/simple",
                "verify_ssl": true
            }
        ]
    },
    "default": {
        "attrs": {
            "hashes": [
                "sha256:2d27e3784d7a565d36ab851fe94887c5eccd6a463168875832a1be79c82828b4",
                "sha256:626ba8234211db98e869df76230a137c4c40a12d72445c45d5f5b716f076e2fd"
            ],
            "markers": "python_version >= '2.7' and python_version not in '3.0, 3.1, 3.2, 3.3, 3.4'",
            "version": "==21.4.0"
        },
        "black": {
            "hashes": [
                "sha256:06f9d8846f2340dfac80ceb20200ea5d1b3f181dd0556b47af4e8e0b24fa0a6b",
                "sha256:10dbe6e6d2988049b4655b2b739f98785a884d4d6b85bc35133a8fb9a2233176",
                "sha256:2497f9c2386572e28921fa8bec7be3e51de6801f7459dffd6e62492531c47e09",
                "sha256:30d78ba6bf080eeaf0b7b875d924b15cd46fec5fd044ddfbad38c8ea9171043a",
                "sha256:328efc0cc70ccb23429d6be184a15ce613f676bdfc85e5fe8ea2a9354b4e9015",
                "sha256:35020b8886c022ced9282b51b5a875b6d1ab0c387b31a065b84db7c33085ca79",
                "sha256:5795a0375eb87bfe902e80e0c8cfaedf8af4d49694d69161e5bd3206c18618bb",
                "sha256:5891ef8abc06576985de8fa88e95ab70641de6c1fca97e2a15820a9b69e51b20",
                "sha256:637a4014c63fbf42a692d22b55d8ad6968a946b4a6ebc385c5505d9625b6a464",
                "sha256:67c8301ec94e3bcc8906740fe071391bce40a862b7be0b86fb5382beefecd968",
                "sha256:6d2fc92002d44746d3e7db7cf9313cf4452f43e9ea77a2c939defce3b10b5c82",
                "sha256:6ee227b696ca60dd1c507be80a6bc849a5a6ab57ac7352aad1ffec9e8b805f21",
                "sha256:863714200ada56cbc366dc9ae5291ceb936573155f8bf8e9de92aef51f3ad0f0",
                "sha256:9b542ced1ec0ceeff5b37d69838106a6348e60db7b8fdd245294dc1d26136265",
                "sha256:a6342964b43a99dbc72f72812bf88cad8f0217ae9acb47c0d4f141a6416d2d7b",
                "sha256:ad4efa5fad66b903b4a5f96d91461d90b9507a812b3c5de657d544215bb7877a",
                "sha256:bc58025940a896d7e5356952228b68f793cf5fcb342be703c3a2669a1488cb72",
                "sha256:cc1e1de68c8e5444e8f94c3670bb48a2beef0e91dddfd4fcc29595ebd90bb9ce",
                "sha256:cee3e11161dde1b2a33a904b850b0899e0424cc331b7295f2a9698e79f9a69a0",
                "sha256:e3556168e2e5c49629f7b0f377070240bd5511e45e25a4497bb0073d9dda776a",
                "sha256:e8477ec6bbfe0312c128e74644ac8a02ca06bcdb8982d4ee06f209be28cdf163",
                "sha256:ee8f1f7228cce7dffc2b464f07ce769f478968bfb3dd1254a4c2eeed84928aad",
                "sha256:fd57160949179ec517d32ac2ac898b5f20d68ed1a9c977346efbac9c2f1e779d"
            ],
            "index": "pypi",
            "version": "==22.3.0"
        },
        "click": {
            "hashes": [
                "sha256:7682dc8afb30297001674575ea00d1814d808d6a36af415a82bd481d37ba7b8e",
                "sha256:bb4d8133cb15a609f44e8213d9b391b0809795062913b383c62be0ee95b1db48"
            ],
            "markers": "python_version >= '3.7'",
            "version": "==8.1.3"
        },
        "colorama": {
            "hashes": [
                "sha256:5941b2b48a20143d2267e95b1c2a7603ce057ee39fd88e7329b0c292aa16869b",
                "sha256:9f47eda37229f68eee03b24b9748937c7dc3868f906e8ba69fbcbdd3bc5dc3e2"
            ],
            "markers": "python_version >= '2.7' and python_version not in '3.0, 3.1, 3.2, 3.3, 3.4'",
            "version": "==0.4.4"
        },
        "commonmark": {
            "hashes": [
                "sha256:452f9dc859be7f06631ddcb328b6919c67984aca654e5fefb3914d54691aed60",
                "sha256:da2f38c92590f83de410ba1a3cbceafbc74fee9def35f9251ba9a971d6d66fd9"
            ],
            "version": "==0.9.1"
        },
        "cython": {
            "hashes": [
                "sha256:004387d8b94c64681ee05660d6a234e125396097726cf2f419c0fa2ac38034d6",
                "sha256:0378a14d2580dcea234d7a2dc8d75f60c091105885096e6dd5b032be97542c16",
                "sha256:03b749e4f0bbf631cee472add2806d338a7d496f8383f6fb28cc5fdc34b7fdb8",
                "sha256:05edfa51c0ff31a8df3cb291b90ca93ab499686d023b9b81c216cd3509f73def",
                "sha256:076aa8da83383e2bed0ca5f92c13a7e76e684bc41fe8e438bbed735f5b1c2731",
                "sha256:09448aadb818387160ca4d1e1b82dbb7001526b6d0bed7529c4e8ac12e3b6f4c",
                "sha256:1612d7439590ba3b8de5f907bf0e54bd8e024eafb8c59261531a7988030c182d",
                "sha256:16f2e74fcac223c53e298ecead62c353d3cffa107bea5d8232e4b2ba40781634",
                "sha256:26d8d0ededca42be50e0ac377c08408e18802b1391caa3aea045a72c1bff47ac",
                "sha256:31465dce7fd3f058d02afb98b13af962848cc607052388814428dc801cc26f57",
                "sha256:33b69ac9bbf2b93d8cae336cfe48889397a857e6ceeb5cef0b2f0b31b6c54f2b",
                "sha256:341917bdb2c95bcf8322aacfe50bbe6b4794880b16fa8b2300330520e123a5e5",
                "sha256:43eca77169f855dd04be11921a585c8854a174f30bc925257e92bc7b9197fbd2",
                "sha256:49076747b731ed78acf203666c3b3c5d664754ea01ca4527f62f6d8675703688",
                "sha256:4b3089255b6b1cc69e4b854626a41193e6acae5332263d24707976b3cb8ca644",
                "sha256:5658fa477e80d96c49d5ff011938dd4b62da9aa428f771b91f1a7c49af45aad8",
                "sha256:59f4e86b415620a097cf0ec602adf5a7ee3cc33e8220567ded96566f753483f8",
                "sha256:5e82f6b3dc2133b2e0e2c5c63d352d40a695e40cc7ed99f4cbe83334bcf9ab39",
                "sha256:6626f9691ce2093ccbcc9932f449efe3b6e1c893b556910881d177c61612e8ff",
                "sha256:75686c586e37b1fed0fe4a2c053474f96fc07da0063bbfc98023454540515d31",
                "sha256:7962a78ceb80cdec21345fb5088e675060fa65982030d446069f2d675d30e3cd",
                "sha256:9d39ee7ddef6856413f950b8959e852d83376d9db1c509505e3f4873df32aa70",
                "sha256:9f2b7c86a73db0d8dbbd885fe67f04c7b787df37a3848b9867270d3484101fbd",
                "sha256:a0ed39c63ba52edd03a39ea9d6da6f5326aaee5d333c317feba543270a1b3af5",
                "sha256:a3b27812ac9e9737026bfbb1dd47434f3e84013f430bafe1c6cbaf1cd51b5518",
                "sha256:b6c77cc24861a33714e74212abfab4e54bf42e1ad602623f193b8e369389af2f",
                "sha256:c9848a423a14e8f51bd4bbf8e2ff37031764ce66bdc7c6bc06c70d4084eb23c7",
                "sha256:d6036f6a5a0c7fb1af88889872268b15bf20dd9cefe33a6602d79ba18b8db20f",
                "sha256:d6fac2342802c30e51426828fe084ff4deb1b3387367cf98976bb2e64b6f8e45",
                "sha256:d7c98727397c2547a56aa0c3c98140f1873c69a0642edc9446c6c870d0d8a5b5",
                "sha256:d7d7beb600d5dd551e9322e1393b74286f4a3d4aa387f7bfbaccc1495a98603b",
                "sha256:ded4fd3da4dee2f4414c35214244e29befa7f6fede3e9be317e765169df2cbc7",
                "sha256:e24bd94946ffa37f30fcb865f2340fb6d429a3c7bf87b47b22f7d22e0e68a15c",
                "sha256:e9cc6af0c9c477c5e175e807dce439509934efefc24ea2da9fced7fbc8170591",
                "sha256:ed32c206e1d68056a34b21d2ec0cf0f23d338d6531476a68c73e21e20bd7bb63",
                "sha256:fdcef7abb09fd827691e3abe6fd42c6c34beaccfa0bc2df6074f0a49949df6a8"
            ],
            "index": "pypi",
            "version": "==0.29.28"
        },
        "dill": {
            "hashes": [
                "sha256:33501d03270bbe410c72639b350e941882a8b0fd55357580fbc873fba0c59302",
                "sha256:d75e41f3eff1eee599d738e76ba8f4ad98ea229db8b085318aa2b3333a208c86"
            ],
            "markers": "python_version >= '2.7' and python_version not in '3.0, 3.1, 3.2, 3.3, 3.4, 3.5, 3.6'",
            "version": "==0.3.5.1"
        },
        "flake8": {
            "hashes": [
                "sha256:479b1304f72536a55948cb40a32dce8bb0ffe3501e26eaf292c7e60eb5e0428d",
                "sha256:806e034dda44114815e23c16ef92f95c91e4c71100ff52813adf7132a6ad870d"
            ],
            "index": "pypi",
            "version": "==4.0.1"
        },
        "h3": {
            "hashes": [
                "sha256:105625a45d86b6cd1cd67acd7ab158adf3d193262534470b69a1db49a6664541",
                "sha256:1af9c039f7daeff4621c1349000eec0ed37c4548552a3a173cddb6d648547344",
                "sha256:20d48a3c9acdcf7c02c70519c3a5a22406b505cc34ff9f9a302e11a2a13d9c73",
                "sha256:339f4f210373dd43739019d6a8def64b119de62f3083e31b2d0413954c429c88",
                "sha256:3909aef50b19835b0790e077d9f06b27609380bb7bf09382e2c4e813385f7677",
                "sha256:48274cff38d53da155500679194d69ce19aaa52c00d0f30f24a327c1b22cb752",
                "sha256:54e0f74357467347aee517d6137777094b64b9aac648d92a7507e14ac28ddca6",
                "sha256:59abe06c99afa1b27bb7fcfb2a8c01d285ad36005dce8c82fca3dab0b4d8777d",
                "sha256:61ddf3052f226de22b546af5d47816d81fea83eb0e62d22f53ed3b23eb0b8551",
                "sha256:75214450b89e5204d77700e01cf2d41a02d7cbfe9b9ca925727c52e18f91072e",
                "sha256:7a0817ed9f6b8f4b7eeb719744260ab41ccd7131475b169e45a79cf99d045b1f",
                "sha256:7d6334b74e80a0e9395132bf9a7d38799b40df6181467616e950032a112773e9",
                "sha256:83fb0a7e1a1241c9c69137569e761b257b9828abc24b8bf78710ddce8db9e28e",
                "sha256:86b6bc6ac38f93be0899f45fb55585fb5c4964a2e5c8cc4a349cac41fecb10f3",
                "sha256:87c5ed2e2878cb936dd466ed5b4fc7cd462cc8a713d066789918d295d9d26a63",
                "sha256:8acd1e448bad2f5cd03ab0107f34f34967dd271726978ed5acbe42806628d90a",
                "sha256:950e833148ff441ee240d8ae71d4a32208cf062d9e0cc389fd056fc7cd280a0c",
                "sha256:bd1982ab1f2a85517aae7166582b82c73e5350c31652f4ab20b337bcf978b43d",
                "sha256:ddbe4dd122be51508a43baee157a2724d52ec480b45da932f7ca058cfec4aaf9",
                "sha256:de5d3bcc8f0253531ddf72e7305c6425b4af0c22921962ab7392a3c4c1dc5530",
                "sha256:e0467583c23164d232de51b82087685ab3c961911f673c892d10f87fd6642990",
                "sha256:e73ed07510907c8cf4e3a6f14625af221b0a3dea5c680ff011abec622cf2be9a",
                "sha256:f6f832c71b3b9be8949b299d20e8230129321d2296c28b970607d354cbce6efa"
            ],
            "index": "pypi",
            "version": "==3.7.3"
        },
        "iniconfig": {
            "hashes": [
                "sha256:011e24c64b7f47f6ebd835bb12a743f2fbe9a26d4cecaa7f53bc4f35ee9da8b3",
                "sha256:bc3af051d7d14b2ee5ef9969666def0cd1a000e121eaea580d4a313df4b37f32"
            ],
            "version": "==1.1.1"
        },
        "jinja2": {
            "hashes": [
                "sha256:31351a702a408a9e7595a8fc6150fc3f43bb6bf7e319770cbc0db9df9437e852",
                "sha256:6088930bfe239f0e6710546ab9c19c9ef35e29792895fed6e6e31a023a182a61"
            ],
            "markers": "python_version >= '3.7'",
            "version": "==3.1.2"
        },
        "markupsafe": {
            "hashes": [
                "sha256:0212a68688482dc52b2d45013df70d169f542b7394fc744c02a57374a4207003",
                "sha256:089cf3dbf0cd6c100f02945abeb18484bd1ee57a079aefd52cffd17fba910b88",
                "sha256:10c1bfff05d95783da83491be968e8fe789263689c02724e0c691933c52994f5",
                "sha256:33b74d289bd2f5e527beadcaa3f401e0df0a89927c1559c8566c066fa4248ab7",
                "sha256:3799351e2336dc91ea70b034983ee71cf2f9533cdff7c14c90ea126bfd95d65a",
                "sha256:3ce11ee3f23f79dbd06fb3d63e2f6af7b12db1d46932fe7bd8afa259a5996603",
                "sha256:421be9fbf0ffe9ffd7a378aafebbf6f4602d564d34be190fc19a193232fd12b1",
                "sha256:43093fb83d8343aac0b1baa75516da6092f58f41200907ef92448ecab8825135",
                "sha256:46d00d6cfecdde84d40e572d63735ef81423ad31184100411e6e3388d405e247",
                "sha256:4a33dea2b688b3190ee12bd7cfa29d39c9ed176bda40bfa11099a3ce5d3a7ac6",
                "sha256:4b9fe39a2ccc108a4accc2676e77da025ce383c108593d65cc909add5c3bd601",
                "sha256:56442863ed2b06d19c37f94d999035e15ee982988920e12a5b4ba29b62ad1f77",
                "sha256:671cd1187ed5e62818414afe79ed29da836dde67166a9fac6d435873c44fdd02",
                "sha256:694deca8d702d5db21ec83983ce0bb4b26a578e71fbdbd4fdcd387daa90e4d5e",
                "sha256:6a074d34ee7a5ce3effbc526b7083ec9731bb3cbf921bbe1d3005d4d2bdb3a63",
                "sha256:6d0072fea50feec76a4c418096652f2c3238eaa014b2f94aeb1d56a66b41403f",
                "sha256:6fbf47b5d3728c6aea2abb0589b5d30459e369baa772e0f37a0320185e87c980",
                "sha256:7f91197cc9e48f989d12e4e6fbc46495c446636dfc81b9ccf50bb0ec74b91d4b",
                "sha256:86b1f75c4e7c2ac2ccdaec2b9022845dbb81880ca318bb7a0a01fbf7813e3812",
                "sha256:8dc1c72a69aa7e082593c4a203dcf94ddb74bb5c8a731e4e1eb68d031e8498ff",
                "sha256:8e3dcf21f367459434c18e71b2a9532d96547aef8a871872a5bd69a715c15f96",
                "sha256:8e576a51ad59e4bfaac456023a78f6b5e6e7651dcd383bcc3e18d06f9b55d6d1",
                "sha256:96e37a3dc86e80bf81758c152fe66dbf60ed5eca3d26305edf01892257049925",
                "sha256:97a68e6ada378df82bc9f16b800ab77cbf4b2fada0081794318520138c088e4a",
                "sha256:99a2a507ed3ac881b975a2976d59f38c19386d128e7a9a18b7df6fff1fd4c1d6",
                "sha256:a49907dd8420c5685cfa064a1335b6754b74541bbb3706c259c02ed65b644b3e",
                "sha256:b09bf97215625a311f669476f44b8b318b075847b49316d3e28c08e41a7a573f",
                "sha256:b7bd98b796e2b6553da7225aeb61f447f80a1ca64f41d83612e6139ca5213aa4",
                "sha256:b87db4360013327109564f0e591bd2a3b318547bcef31b468a92ee504d07ae4f",
                "sha256:bcb3ed405ed3222f9904899563d6fc492ff75cce56cba05e32eff40e6acbeaa3",
                "sha256:d4306c36ca495956b6d568d276ac11fdd9c30a36f1b6eb928070dc5360b22e1c",
                "sha256:d5ee4f386140395a2c818d149221149c54849dfcfcb9f1debfe07a8b8bd63f9a",
                "sha256:dda30ba7e87fbbb7eab1ec9f58678558fd9a6b8b853530e176eabd064da81417",
                "sha256:e04e26803c9c3851c931eac40c695602c6295b8d432cbe78609649ad9bd2da8a",
                "sha256:e1c0b87e09fa55a220f058d1d49d3fb8df88fbfab58558f1198e08c1e1de842a",
                "sha256:e72591e9ecd94d7feb70c1cbd7be7b3ebea3f548870aa91e2732960fa4d57a37",
                "sha256:e8c843bbcda3a2f1e3c2ab25913c80a3c5376cd00c6e8c4a86a89a28c8dc5452",
                "sha256:efc1913fd2ca4f334418481c7e595c00aad186563bbc1ec76067848c7ca0a933",
                "sha256:f121a1420d4e173a5d96e47e9a0c0dcff965afdf1626d28de1460815f7c4ee7a",
                "sha256:fc7b548b17d238737688817ab67deebb30e8073c95749d55538ed473130ec0c7"
            ],
            "markers": "python_version >= '3.7'",
            "version": "==2.1.1"
        },
        "mccabe": {
            "hashes": [
                "sha256:ab8a6258860da4b6677da4bd2fe5dc2c659cff31b3ee4f7f5d64e79735b80d42",
                "sha256:dd8d182285a0fe56bace7f45b5e7d1a6ebcbf524e8f3bd87eb0f125271b8831f"
            ],
            "version": "==0.6.1"
        },
        "memray": {
            "hashes": [
                "sha256:00747f6ea904524974038758d8d163c32c42f0ecc227439281a88757229f1525",
                "sha256:707f40223554847c2e9c58eb2a711c5ada45a1a4309a2e11d673aa567225a583",
                "sha256:72da89ea6e34837086972a65780b6329cb43372e68c5197eb54ef37caedef518",
                "sha256:aea82810789e8c08af6f1a6bb463f5d875f8b6043083f0281c359a6cb90d4c84",
                "sha256:bedc9375b7ec851986c35c2f6c5e4465835bfa8fd4fef059c3057e1884ed0975",
                "sha256:c382a9dbdd160a7f2d18ad86fb3595089895057a546aba03edbbc99d5625834f",
                "sha256:cfff403e1a25a61265547fe7ba696bd08bbbce93400444d66b4025cb4adc6e88",
                "sha256:d31c432c0a6697e062135e620d19f25567436375f7e5ed77698d07fced33d0b7",
                "sha256:e5ac539d1027fde1994aa1a44a6471bdd106793481328f9be35db7fa635b98e4"
            ],
            "index": "pypi",
            "version": "==1.0.3"
        },
        "multiprocess": {
            "hashes": [
                "sha256:0e0a5ae4bd84e4c22baddf824d3b8168214f8c1cce51e2cb080421cb1f7b04d1",
                "sha256:206bb9b97b73f87fec1ed15a19f8762950256aa84225450abc7150d02855a083",
                "sha256:35d41e410ca2a32977a483ae1f40f86b193b45cecf85567c2fae402fb8bf172e",
                "sha256:6aa67e805e50b6e9dfc56dd0f0c85ac3409e6791d4ec5405c5f9bc0a47d745a4",
                "sha256:6f812a1d3f198b7cacd63983f60e2dc1338bd4450893f90c435067b5a3127e6f",
                "sha256:85941e650c277af44fc82e3e97faacb920e5ce3615238b540cbad4012d6f60e9",
                "sha256:916a314a1e0f3454033d59672ba6181fa45948ab1091d68cdd479258576e7b27",
                "sha256:9a02237eae21975155c816883479f72e239d16823a6bc063173d59acec9bcf41",
                "sha256:a9f58945edb234591684c0a181b744a3231643814ef3a8f47cea9a2073b4b2bb",
                "sha256:b3f866f7d9c7acc1a9cb1b6063a29f5cb140ff545b35b71fd4bfdac6f19d75fa",
                "sha256:be3ad3eaf204abc646d85e70e41244f66d88200628a0ab867c8fc206b97cedbf",
                "sha256:c85ffc38c50c5a4f32f3f3c1a284725b7b5040188f254eba6e572c53d3da525b",
                "sha256:f12a939cd2f01d0a900e7ef2aaee3c351a49fd2297d7f760b537af22727561b8"
            ],
            "index": "pypi",
            "version": "==0.70.12.2"
        },
        "mypy-extensions": {
            "hashes": [
                "sha256:090fedd75945a69ae91ce1303b5824f428daf5a028d2f6ab8a299250a846f15d",
                "sha256:2d82818f5bb3e369420cb3c4060a7970edba416647068eb4c5343488a6c604a8"
            ],
            "version": "==0.4.3"
        },
        "numpy": {
            "hashes": [
                "sha256:07a8c89a04997625236c5ecb7afe35a02af3896c8aa01890a849913a2309c676",
                "sha256:08d9b008d0156c70dc392bb3ab3abb6e7a711383c3247b410b39962263576cd4",
                "sha256:201b4d0552831f7250a08d3b38de0d989d6f6e4658b709a02a73c524ccc6ffce",
                "sha256:2c10a93606e0b4b95c9b04b77dc349b398fdfbda382d2a39ba5a822f669a0123",
                "sha256:3ca688e1b9b95d80250bca34b11a05e389b1420d00e87a0d12dc45f131f704a1",
                "sha256:48a3aecd3b997bf452a2dedb11f4e79bc5bfd21a1d4cc760e703c31d57c84b3e",
                "sha256:568dfd16224abddafb1cbcce2ff14f522abe037268514dd7e42c6776a1c3f8e5",
                "sha256:5bfb1bb598e8229c2d5d48db1860bcf4311337864ea3efdbe1171fb0c5da515d",
                "sha256:639b54cdf6aa4f82fe37ebf70401bbb74b8508fddcf4797f9fe59615b8c5813a",
                "sha256:8251ed96f38b47b4295b1ae51631de7ffa8260b5b087808ef09a39a9d66c97ab",
                "sha256:92bfa69cfbdf7dfc3040978ad09a48091143cffb778ec3b03fa170c494118d75",
                "sha256:97098b95aa4e418529099c26558eeb8486e66bd1e53a6b606d684d0c3616b168",
                "sha256:a3bae1a2ed00e90b3ba5f7bd0a7c7999b55d609e0c54ceb2b076a25e345fa9f4",
                "sha256:c34ea7e9d13a70bf2ab64a2532fe149a9aced424cd05a2c4ba662fd989e3e45f",
                "sha256:dbc7601a3b7472d559dc7b933b18b4b66f9aa7452c120e87dfb33d02008c8a18",
                "sha256:e7927a589df200c5e23c57970bafbd0cd322459aa7b1ff73b7c2e84d6e3eae62",
                "sha256:f8c1f39caad2c896bc0018f699882b345b2a63708008be29b1f355ebf6f933fe",
                "sha256:f950f8845b480cffe522913d35567e29dd381b0dc7e4ce6a4a9f9156417d2430",
                "sha256:fade0d4f4d292b6f39951b6836d7a3c7ef5b2347f3c420cd9820a1d90d794802",
                "sha256:fdf3c08bce27132395d3c3ba1503cac12e17282358cb4bddc25cc46b0aca07aa"
            ],
            "index": "pypi",
            "version": "==1.22.3"
        },
        "packaging": {
            "hashes": [
                "sha256:dd47c42927d89ab911e606518907cc2d3a1f38bbd026385970643f9c5b8ecfeb",
                "sha256:ef103e05f519cdc783ae24ea4e2e0f508a9c99b2d4969652eed6a2e1ea5bd522"
            ],
            "markers": "python_version >= '3.6'",
            "version": "==21.3"
        },
        "pandas": {
            "hashes": [
                "sha256:0010771bd9223f7afe5f051eb47c4a49534345dfa144f2f5470b27189a4dd3b5",
                "sha256:061609334a8182ab500a90fe66d46f6f387de62d3a9cb9aa7e62e3146c712167",
                "sha256:09d8be7dd9e1c4c98224c4dfe8abd60d145d934e9fc1f5f411266308ae683e6a",
                "sha256:295872bf1a09758aba199992c3ecde455f01caf32266d50abc1a073e828a7b9d",
                "sha256:3228198333dd13c90b6434ddf61aa6d57deaca98cf7b654f4ad68a2db84f8cfe",
                "sha256:385c52e85aaa8ea6a4c600a9b2821181a51f8be0aee3af6f2dcb41dafc4fc1d0",
                "sha256:51649ef604a945f781105a6d2ecf88db7da0f4868ac5d45c51cb66081c4d9c73",
                "sha256:5586cc95692564b441f4747c47c8a9746792e87b40a4680a2feb7794defb1ce3",
                "sha256:5a206afa84ed20e07603f50d22b5f0db3fb556486d8c2462d8bc364831a4b417",
                "sha256:5b79af3a69e5175c6fa7b4e046b21a646c8b74e92c6581a9d825687d92071b51",
                "sha256:5c54ea4ef3823108cd4ec7fb27ccba4c3a775e0f83e39c5e17f5094cb17748bc",
                "sha256:8c5bf555b6b0075294b73965adaafb39cf71c312e38c5935c93d78f41c19828a",
                "sha256:92bc1fc585f1463ca827b45535957815b7deb218c549b7c18402c322c7549a12",
                "sha256:95c1e422ced0199cf4a34385ff124b69412c4bc912011ce895582bee620dfcaa",
                "sha256:b8134651258bce418cb79c71adeff0a44090c98d955f6953168ba16cc285d9f7",
                "sha256:be67c782c4f1b1f24c2f16a157e12c2693fd510f8df18e3287c77f33d124ed07",
                "sha256:c072c7f06b9242c855ed8021ff970c0e8f8b10b35e2640c657d2a541c5950f59",
                "sha256:d0d4f13e4be7ce89d7057a786023c461dd9370040bdb5efa0a7fe76b556867a0",
                "sha256:df82739e00bb6daf4bba4479a40f38c718b598a84654cbd8bb498fd6b0aa8c16",
                "sha256:f549097993744ff8c41b5e8f2f0d3cbfaabe89b4ae32c8c08ead6cc535b80139",
                "sha256:ff08a14ef21d94cdf18eef7c569d66f2e24e0bc89350bcd7d243dd804e3b5eb2"
            ],
            "index": "pypi",
            "version": "==1.4.2"
        },
        "pathspec": {
            "hashes": [
                "sha256:7d15c4ddb0b5c802d161efc417ec1a2558ea2653c2e8ad9c19098201dc1c993a",
                "sha256:e564499435a2673d586f6b2130bb5b95f04a3ba06f81b8f895b651a3c76aabb1"
            ],
            "version": "==0.9.0"
        },
        "platformdirs": {
            "hashes": [
                "sha256:027d8e83a2d7de06bbac4e5ef7e023c02b863d7ea5d079477e722bb41ab25788",
                "sha256:58c8abb07dcb441e6ee4b11d8df0ac856038f944ab98b7be6b27b2a3c7feef19"
            ],
            "markers": "python_version >= '3.7'",
            "version": "==2.5.2"
        },
        "pluggy": {
            "hashes": [
                "sha256:4224373bacce55f955a878bf9cfa763c1e360858e330072059e10bad68531159",
                "sha256:74134bbf457f031a36d68416e1509f34bd5ccc019f0bcc952c7b909d06b37bd3"
            ],
            "markers": "python_version >= '3.6'",
            "version": "==1.0.0"
        },
        "py": {
            "hashes": [
                "sha256:51c75c4126074b472f746a24399ad32f6053d1b34b68d2fa41e558e6f4a98719",
                "sha256:607c53218732647dff4acdfcd50cb62615cedf612e72d1724fb1a0cc6405b378"
            ],
            "markers": "python_version >= '2.7' and python_version not in '3.0, 3.1, 3.2, 3.3, 3.4'",
            "version": "==1.11.0"
        },
        "py-cpuinfo": {
            "hashes": [
                "sha256:5f269be0e08e33fd959de96b34cd4aeeeacac014dd8305f70eb28d06de2345c5"
            ],
            "index": "pypi",
            "version": "==8.0.0"
        },
        "py-spy": {
            "hashes": [
                "sha256:249af0490f04aea58606fa18c82ea33a25a3894e32ba019367b62a4b8d54f5a6",
                "sha256:3115c6e45cdab657f81c886f8b1664e7e2208b775396031eeea60e4d16fc861d",
                "sha256:3b80db1630f5ca1314b72e7f739c00329bc44a8fd06f44a2d708267c248fce2f",
                "sha256:3fbd42d211fe5c4cdf650b194940c1f053fe30b5fbba09e933432535a13867a5",
                "sha256:5dbec592e43bb10ceff887f2cf889e2b45d1dd999363c9241637428599eeb358",
                "sha256:6f7ba3ae9f6a61ca2e10367427ee8d39d46880b09a78a90e6899b02601187c8d",
                "sha256:e35a4720859dfd86238df5ac17d63d1f08901d40953ff5eac0bda5afdf744b22",
                "sha256:f014b383a14e5d881710ab930c435cbe76b8af40855bbc09775b70a0254b600a"
            ],
            "index": "pypi",
            "version": "==0.3.11"
        },
        "pyarrow": {
            "hashes": [
                "sha256:040dce5345603e4e621bcf4f3b21f18d557852e7b15307e559bb14c8951c8714",
                "sha256:06183a7ff2b0c030ec0413fc4dc98abad8cf336c78c280a0b7f4bcbebb78d125",
                "sha256:087769dac6e567d58d59b94c4f866b3356c00d3db5b261387ece47e7324c2150",
                "sha256:0f10928745c6ff66e121552731409803bed86c66ac79c64c90438b053b5242c5",
                "sha256:0f15213f380539c9640cb2413dc677b55e70f04c9e98cfc2e1d8b36c770e1036",
                "sha256:11a591f11d2697c751261c9d57e6e5b0d38fdc7f0cc57f4fd6edc657da7737df",
                "sha256:13dc05bcf79dbc1bd2de1b05d26eb64824b85883d019d81ca3c2eca9b68b5a44",
                "sha256:1f2d00b892fe865e43346acb78761ba268f8bb1cbdba588816590abcb780ee3d",
                "sha256:29c4e3b3be0b94d07ff4921a5e410fc690a3a066a850a302fc504de5fc638495",
                "sha256:306120af554e7e137895254a3b4741fad682875a5f6403509cd276de3fe5b844",
                "sha256:3d3e3f93ac2993df9c5e1922eab7bdea047b9da918a74e52145399bc1f0099a3",
                "sha256:3e06b0e29ce1e32f219c670c6b31c33d25a5b8e29c7828f873373aab78bf30a5",
                "sha256:49d431ed644a3e8f53ae2bbf4b514743570b495b5829548db51610534b6eeee7",
                "sha256:6183c700877852dc0f8a76d4c0c2ffd803ba459e2b4a452e355c2d58d48cf39f",
                "sha256:702c5a9f960b56d03569eaaca2c1a05e8728f05ea1a2138ef64234aa53cd5884",
                "sha256:759090caa1474cafb5e68c93a9bd6cb45d8bb8e4f2cad2f1a0cc9439bae8ae88",
                "sha256:759f59ac77b84878dbd54d06cf6df74ff781b8e7cf9313eeffbb5ec97b94385c",
                "sha256:8a9bfc8a016bcb8f9a8536d2fa14a890b340bc7a236275cd60fd4fb8b93ff405",
                "sha256:aa6442a321c1e49480b3d436f7d631c895048a16df572cf71c23c6b53c45ed66",
                "sha256:ba69488ae25c7fde1a2ae9ea29daf04d676de8960ffd6f82e1e13ca945bb5861",
                "sha256:c7313038203df77ec4092d6363dbc0945071caa72635f365f2b1ae0dd7469865",
                "sha256:d1748154714b543e6ae8452a68d4af85caf5298296a7e5d4d00f1b3021838ac6",
                "sha256:da656cad3c23a2ebb6a307ab01d35fce22f7850059cffafcb90d12590f8f4f38",
                "sha256:e3fe34bcfc28d9c4a747adc3926d2307a04c5c50b89155946739515ccfe5eab0",
                "sha256:e7fecd5d5604f47e003f50887a42aee06cb8b7bf8e8bf7dc543a22331d9ba832",
                "sha256:e87d1f7dc7a0b2ecaeb0c7a883a85710f5b5626d4134454f905571c04bc73d5a",
                "sha256:ed4b647c3345ae3463d341a9d28d0260cd302fb92ecf4e2e3e0f1656d6e0e55c",
                "sha256:f439f7d77201681fd31391d189aa6b1322d27c9311a8f2fce7d23972471b02b6",
                "sha256:f6b01a23cb401750092c6f7c4dcae67cd8fd6b99ae710e26f654f23508f25f25",
                "sha256:fcc8f934c7847a88f13ec35feecffb61fe63bb7a3078bd98dd353762e969ce60"
            ],
            "index": "pypi",
            "version": "==7.0.0"
        },
        "pycodestyle": {
            "hashes": [
                "sha256:720f8b39dde8b293825e7ff02c475f3077124006db4f440dcbc9a20b76548a20",
                "sha256:eddd5847ef438ea1c7870ca7eb78a9d47ce0cdb4851a5523949f2601d0cbbe7f"
            ],
            "markers": "python_version >= '2.7' and python_version not in '3.0, 3.1, 3.2, 3.3, 3.4'",
            "version": "==2.8.0"
        },
        "pyflakes": {
            "hashes": [
                "sha256:05a85c2872edf37a4ed30b0cce2f6093e1d0581f8c19d7393122da7e25b2b24c",
                "sha256:3bb3a3f256f4b7968c9c788781e4ff07dce46bdf12339dcda61053375426ee2e"
            ],
            "markers": "python_version >= '2.7' and python_version not in '3.0, 3.1, 3.2, 3.3'",
            "version": "==2.4.0"
        },
        "pygments": {
            "hashes": [
                "sha256:5eb116118f9612ff1ee89ac96437bb6b49e8f04d8a13b514ba26f620208e26eb",
                "sha256:dc9c10fb40944260f6ed4c688ece0cd2048414940f1cea51b8b226318411c519"
            ],
            "markers": "python_version >= '3.6'",
            "version": "==2.12.0"
        },
        "pyparsing": {
            "hashes": [
                "sha256:2b020ecf7d21b687f219b71ecad3631f644a47f01403fa1d1036b0c6416d70fb",
                "sha256:5026bae9a10eeaefb61dab2f09052b9f4307d44aee4eda64b309723d8d206bbc"
            ],
            "markers": "python_full_version >= '3.6.8'",
            "version": "==3.0.9"
        },
        "pytest": {
            "hashes": [
                "sha256:841132caef6b1ad17a9afde46dc4f6cfa59a05f9555aae5151f73bdf2820ca63",
                "sha256:92f723789a8fdd7180b6b06483874feca4c48a5c76968e03bb3e7f806a1869ea"
            ],
            "index": "pypi",
            "version": "==7.1.1"
        },
        "pytest-benchmark": {
            "hashes": [
                "sha256:36d2b08c4882f6f997fd3126a3d6dfd70f3249cde178ed8bbc0b73db7c20f809",
                "sha256:40e263f912de5a81d891619032983557d62a3d85843f9a9f30b98baea0cd7b47"
            ],
            "index": "pypi",
            "version": "==3.4.1"
        },
        "python-dateutil": {
            "hashes": [
                "sha256:0123cacc1627ae19ddf3c27a5de5bd67ee4586fbdd6440d9748f8abb483d3e86",
                "sha256:961d03dc3453ebbc59dbdea9e4e11c5651520a876d0f4db161e8674aae935da9"
            ],
            "markers": "python_version >= '2.7' and python_version not in '3.0, 3.1, 3.2, 3.3'",
            "version": "==2.8.2"
        },
        "pytz": {
            "hashes": [
                "sha256:1e760e2fe6a8163bc0b3d9a19c4f84342afa0a2affebfaa84b01b978a02ecaa7",
                "sha256:e68985985296d9a66a881eb3193b0906246245294a881e7c8afe623866ac6a5c"
            ],
            "version": "==2022.1"
        },
        "rich": {
            "hashes": [
                "sha256:720974689960e06c2efdb54327f8bf0cdbdf4eae4ad73b6c94213cad405c371b",
                "sha256:c59d73bd804c90f747c8d7b1d023b88f2a9ac2454224a4aeaf959b21eeb42d03"
            ],
            "index": "pypi",
            "version": "==10.16.2"
        },
        "scipy": {
            "hashes": [
                "sha256:011d4386b53b933142f58a652aa0f149c9b9242abd4f900b9f4ea5fbafc86b89",
                "sha256:16e09ef68b352d73befa8bcaf3ebe25d3941fe1a58c82909d5589856e6bc8174",
                "sha256:31d4f2d6b724bc9a98e527b5849b8a7e589bf1ea630c33aa563eda912c9ff0bd",
                "sha256:38aa39b6724cb65271e469013aeb6f2ce66fd44f093e241c28a9c6bc64fd79ed",
                "sha256:3d573228c10a3a8c32b9037be982e6440e411b443a6267b067cac72f690b8d56",
                "sha256:3d9dd6c8b93a22bf9a3a52d1327aca7e092b1299fb3afc4f89e8eba381be7b59",
                "sha256:559a8a4c03a5ba9fe3232f39ed24f86457e4f3f6c0abbeae1fb945029f092720",
                "sha256:5e73343c5e0d413c1f937302b2e04fb07872f5843041bcfd50699aef6e95e399",
                "sha256:723b9f878095ed994756fa4ee3060c450e2db0139c5ba248ee3f9628bd64e735",
                "sha256:87b01c7d5761e8a266a0fbdb9d88dcba0910d63c1c671bdb4d99d29f469e9e03",
                "sha256:8f4d059a97b29c91afad46b1737274cb282357a305a80bdd9e8adf3b0ca6a3f0",
                "sha256:92b2c2af4183ed09afb595709a8ef5783b2baf7f41e26ece24e1329c109691a7",
                "sha256:937d28722f13302febde29847bbe554b89073fbb924a30475e5ed7b028898b5f",
                "sha256:a279e27c7f4566ef18bab1b1e2c37d168e365080974758d107e7d237d3f0f484",
                "sha256:ad5be4039147c808e64f99c0e8a9641eb5d2fa079ff5894dcd8240e94e347af4",
                "sha256:ae3e327da323d82e918e593460e23babdce40d7ab21490ddf9fc06dec6b91a18",
                "sha256:bb7088e89cd751acf66195d2f00cf009a1ea113f3019664032d9075b1e727b6c",
                "sha256:c17a1878d00a5dd2797ccd73623ceca9d02375328f6218ee6d921e1325e61aff",
                "sha256:c2bae431d127bf0b1da81fc24e4bba0a84d058e3a96b9dd6475dfcb3c5e8761e",
                "sha256:de2e80ee1d925984c2504812a310841c241791c5279352be4707cdcd7c255039",
                "sha256:e6f0cd9c0bd374ef834ee1e0f0999678d49dcc400ea6209113d81528958f97c7",
                "sha256:f3720d0124aced49f6f2198a6900304411dbbeed12f56951d7c66ebef05e3df6",
                "sha256:f4a6d3b9f9797eb2d43938ac2c5d96d02aed17ef170c8b38f11798717523ddba"
            ],
            "index": "pypi",
            "version": "==1.8.0"
        },
        "six": {
            "hashes": [
                "sha256:1e61c37477a1626458e36f7b1d82aa5c9b094fa4802892072e49de9c60c4c926",
                "sha256:8abb2f1d86890a2dfb989f9a77cfcfd3e47c2a354b01111771326f8aa26e0254"
            ],
            "markers": "python_version >= '2.7' and python_version not in '3.0, 3.1, 3.2, 3.3'",
            "version": "==1.16.0"
        },
        "tomli": {
            "hashes": [
                "sha256:939de3e7a6161af0c887ef91b7d41a53e7c5a1ca976325f429cb46ea9bc30ecc",
                "sha256:de526c12914f0c550d15924c62d72abc48d6fe7364aa87328337a31007fe8a4f"
            ],
            "markers": "python_version < '3.11'",
            "version": "==2.0.1"
        },
        "tqdm": {
            "hashes": [
                "sha256:40be55d30e200777a307a7585aee69e4eabb46b4ec6a4b4a5f2d9f11e7d5408d",
                "sha256:74a2cdefe14d11442cedf3ba4e21a3b84ff9a2dbdc6cfae2c34addb2a14a5ea6"
            ],
            "index": "pypi",
            "version": "==4.64.0"
        }
    },
    "develop": {
        "shapely": {
            "hashes": [
                "sha256:0c0fd457ce477b1dced507a72f1e2084c9191bfcb8a1e09886990ebd02acf024",
                "sha256:137f1369630408024a62ff79a437a5657e6c5b76b9cd352dde704b425acdb298",
                "sha256:15a856fbb588ad5d042784e00918c662902776452008c771ecba2ff615cd197a",
                "sha256:1d95842cc6bbbeab673061b63e70b07be9a375c15a60f4098f8fbd29f43af1b4",
                "sha256:256bdf8080bb7bb504d47b2c76919ecebab9708cc1b26266b3ec32b42448f642",
                "sha256:2e02da2e988e74d61f15c720f9f613fab51942aae2dfeacdcb78eadece00e1f3",
                "sha256:3423299254deec075e79fb7dc7909d702104e4167149de7f45510c3a6342eeea",
                "sha256:3a40bf497b57a6625b83996aed10ce2233bca0e5471b8af771b186d681433ac5",
                "sha256:44d2832c1b706bf43101fda92831a083467cc4b4923a7ed17319ab599c1025d8",
                "sha256:5254240eefc44139ab0d128faf671635d8bdd9c23955ee063d4d6b8f20073ae0",
                "sha256:56413f7d32c70b63f239eb0865b24c0c61029e38757de456cc4ab3c416559a0b",
                "sha256:572af9d5006fd5e3213e37ee548912b0341fb26724d6dc8a4e3950c10197ebb6",
                "sha256:62056e64b12b6d483d79f8e34bf058d2fe734d51c9227c1713705399434eff3b",
                "sha256:68c8e18dc9dc8a198c3addc8c9596f64137101f566f04b96ecfca0b214cb8b12",
                "sha256:6bdc7728f1e5df430d8c588661f79f1eed4a2728c8b689e12707cfec217f68f8",
                "sha256:6fcb28836ae93809de1dde73c03c9c24bab0ba2b2bf419ddb2aeb72c96d110e9",
                "sha256:75042e8039c79dd01f102bb288beace9dc2f49fc44a2dea875f9b697aa8cd30d",
                "sha256:78966332a89813b237de357a03f612fd451a871fe6e26c12b6b71645fe8eee39",
                "sha256:7c8eda45085ccdd7f9805ea4a93fdd5eb0b6039a61d5f0cefb960487e6dc17a1",
                "sha256:7c9e3400b716c51ba43eea1678c28272580114e009b6c78cdd00c44df3e325fa",
                "sha256:840be3f27a1152851c54b968f2e12d718c9f13b7acd51c482e58a70f60f29e31",
                "sha256:8e3ed52a081da58eb4a885c157c594876633dbd4eb283f13ba5bf39c82322d76",
                "sha256:8fe641f1f61b3d43dd61b5a85d2ef023e6e19bf8f204a5160a1cb1ec645cbc09",
                "sha256:a58e1f362f2091743e5e13212f5d5d16251a4bb63dd0ed587c652d3be9620d3a",
                "sha256:a60861b5ca2c488ebcdc706eca94d325c26d1567921c74acc83df5e6913590c7",
                "sha256:beee3949ddf381735049cfa6532fb234d5d20a5be910c4f2fb7c7295fd7960e3",
                "sha256:c0a0d7752b145343838bd36ed09382d85f5befe426832d7384c5b051c147acbd",
                "sha256:c60f3758212ec480675b820b13035dda8af8f7cc560d2cc67999b2717fb8faef",
                "sha256:ce0b5c5f7acbccf98b3460eecaa40e9b18272b2a734f74fcddf1d7696e047e95",
                "sha256:cec89a5617c0137f4678282e983c3d63bf838fb00cdf318cc555b4d8409f7130",
                "sha256:d3f3fac625690f01f35af665649e993f15f924e740b5c0ac0376900655815521",
                "sha256:d74de394684d66e25e780b0359fda85be7766af85940fa2dfad728b1a815c71f",
                "sha256:e07b0bd2a0e61a8afd4d1c1bd23f3550b711f01274ffb53de99358fd781eefd8",
                "sha256:f12695662c3ad1e6031b3de98f191963d0f09de6d1a4988acd907405644032ba"
            ],
            "index": "pypi",
            "version": "==1.8.2"
        }
    }
}
